
Microsoft Visual Studio Solution File, Format Version 12.00
# Visual Studio Version 16
VisualStudioVersion = 16.0.28922.388
MinimumVisualStudioVersion = 10.0.40219.1
Project("{9A19103F-16F7-4668-BE54-9A1E7A4F7556}") = "CTIN.Common", "CTIN.Common\CTIN.Common.csproj", "{2EF32202-EE28-4CEA-8561-BACC4A74D74C}"
EndProject
Project("{9A19103F-16F7-4668-BE54-9A1E7A4F7556}") = "CTIN.DataAccess", "CTIN.DataAccess\CTIN.DataAccess.csproj", "{0D4FC5C3-C9E5-4BEF-99E7-97CAB4B48123}"
EndProject
Project("{9A19103F-16F7-4668-BE54-9A1E7A4F7556}") = "CTIN.Domain", "CTIN.Domain\CTIN.Domain.csproj", "{DB5DCE2C-77EB-40C3-ABA6-91271D2B998D}"
EndProject
Project("{9A19103F-16F7-4668-BE54-9A1E7A4F7556}") = "CTIN.WebApi", "CTIN.WebApi\CTIN.WebApi.csproj", "{EC64102F-875F-4050-8140-3B8842FFC1ED}"
EndProject
Project("{9A19103F-16F7-4668-BE54-9A1E7A4F7556}") = "CTIN.XUnitTest", "CTIN.XUnitTest\CTIN.XUnitTest.csproj", "{24C194AB-7575-47B7-8046-1D20338B135B}"
EndProject
Global
	GlobalSection(SolutionConfigurationPlatforms) = preSolution
		Debug|Any CPU = Debug|Any CPU
		Release|Any CPU = Release|Any CPU
	EndGlobalSection
	GlobalSection(ProjectConfigurationPlatforms) = postSolution
		{2EF32202-EE28-4CEA-8561-BACC4A74D74C}.Debug|Any CPU.ActiveCfg = Debug|Any CPU
		{2EF32202-EE28-4CEA-8561-BACC4A74D74C}.Debug|Any CPU.Build.0 = Debug|Any CPU
		{2EF32202-EE28-4CEA-8561-BACC4A74D74C}.Release|Any CPU.ActiveCfg = Release|Any CPU
		{2EF32202-EE28-4CEA-8561-BACC4A74D74C}.Release|Any CPU.Build.0 = Release|Any CPU
		{0D4FC5C3-C9E5-4BEF-99E7-97CAB4B48123}.Debug|Any CPU.ActiveCfg = Debug|Any CPU
		{0D4FC5C3-C9E5-4BEF-99E7-97CAB4B48123}.Debug|Any CPU.Build.0 = Debug|Any CPU
		{0D4FC5C3-C9E5-4BEF-99E7-97CAB4B48123}.Release|Any CPU.ActiveCfg = Release|Any CPU
		{0D4FC5C3-C9E5-4BEF-99E7-97CAB4B48123}.Release|Any CPU.Build.0 = Release|Any CPU
		{DB5DCE2C-77EB-40C3-ABA6-91271D2B998D}.Debug|Any CPU.ActiveCfg = Debug|Any CPU
		{DB5DCE2C-77EB-40C3-ABA6-91271D2B998D}.Debug|Any CPU.Build.0 = Debug|Any CPU
		{DB5DCE2C-77EB-40C3-ABA6-91271D2B998D}.Release|Any CPU.ActiveCfg = Release|Any CPU
		{DB5DCE2C-77EB-40C3-ABA6-91271D2B998D}.Release|Any CPU.Build.0 = Release|Any CPU
		{EC64102F-875F-4050-8140-3B8842FFC1ED}.Debug|Any CPU.ActiveCfg = Debug|Any CPU
		{EC64102F-875F-4050-8140-3B8842FFC1ED}.Debug|Any CPU.Build.0 = Debug|Any CPU
		{EC64102F-875F-4050-8140-3B8842FFC1ED}.Release|Any CPU.ActiveCfg = Release|Any CPU
		{EC64102F-875F-4050-8140-3B8842FFC1ED}.Release|Any CPU.Build.0 = Release|Any CPU
		{24C194AB-7575-47B7-8046-1D20338B135B}.Debug|Any CPU.ActiveCfg = Debug|Any CPU
		{24C194AB-7575-47B7-8046-1D20338B135B}.Debug|Any CPU.Build.0 = Debug|Any CPU
		{24C194AB-7575-47B7-8046-1D20338B135B}.Release|Any CPU.ActiveCfg = Release|Any CPU
		{24C194AB-7575-47B7-8046-1D20338B135B}.Release|Any CPU.Build.0 = Release|Any CPU
	EndGlobalSection
	GlobalSection(SolutionProperties) = preSolution
		HideSolutionNode = FALSE
	EndGlobalSection
	GlobalSection(ExtensibilityGlobals) = postSolution
		SolutionGuid = {2F845C03-ABA2-4EC5-BD8B-743BE0FEB21F}
	EndGlobalSection
EndGlobal
